// !$*UTF8*$!
{
	archiveVersion = 1;
	classes = {
	};
	objectVersion = 56;
	objects = {

/* Begin PBXBuildFile section */
		B207FBF72B8D31C00019D5AE /* UIDesignApp.swift in Sources */ = {isa = PBXBuildFile; fileRef = B207FBF62B8D31C00019D5AE /* UIDesignApp.swift */; };
		B207FBF92B8D31C00019D5AE /* ContentView.swift in Sources */ = {isa = PBXBuildFile; fileRef = B207FBF82B8D31C00019D5AE /* ContentView.swift */; };
		B207FBFB2B8D31C30019D5AE /* Assets.xcassets in Resources */ = {isa = PBXBuildFile; fileRef = B207FBFA2B8D31C30019D5AE /* Assets.xcassets */; };
		B207FBFE2B8D31C30019D5AE /* Preview Assets.xcassets in Resources */ = {isa = PBXBuildFile; fileRef = B207FBFD2B8D31C30019D5AE /* Preview Assets.xcassets */; };
		B207FC082B8D31C30019D5AE /* UIDesignTests.swift in Sources */ = {isa = PBXBuildFile; fileRef = B207FC072B8D31C30019D5AE /* UIDesignTests.swift */; };
		B207FC122B8D31C30019D5AE /* UIDesignUITests.swift in Sources */ = {isa = PBXBuildFile; fileRef = B207FC112B8D31C30019D5AE /* UIDesignUITests.swift */; };
		B207FC142B8D31C30019D5AE /* UIDesignUITestsLaunchTests.swift in Sources */ = {isa = PBXBuildFile; fileRef = B207FC132B8D31C30019D5AE /* UIDesignUITestsLaunchTests.swift */; };
/* End PBXBuildFile section */

/* Begin PBXContainerItemProxy section */
		B207FC042B8D31C30019D5AE /* PBXContainerItemProxy */ = {
			isa = PBXContainerItemProxy;
			containerPortal = B207FBEB2B8D31C00019D5AE /* Project object */;
			proxyType = 1;
			remoteGlobalIDString = B207FBF22B8D31C00019D5AE;
			remoteInfo = UIDesign;
		};
		B207FC0E2B8D31C30019D5AE /* PBXContainerItemProxy */ = {
			isa = PBXContainerItemProxy;
			containerPortal = B207FBEB2B8D31C00019D5AE /* Project object */;
			proxyType = 1;
			remoteGlobalIDString = B207FBF22B8D31C00019D5AE;
			remoteInfo = UIDesign;
		};
/* End PBXContainerItemProxy section */

/* Begin PBXFileReference section */
		B207FBF32B8D31C00019D5AE /* UIDesign.app */ = {isa = PBXFileReference; explicitFileType = wrapper.application; includeInIndex = 0; path = UIDesign.app; sourceTree = BUILT_PRODUCTS_DIR; };
		B207FBF62B8D31C00019D5AE /* UIDesignApp.swift */ = {isa = PBXFileReference; lastKnownFileType = sourcecode.swift; path = UIDesignApp.swift; sourceTree = "<group>"; };
		B207FBF82B8D31C00019D5AE /* ContentView.swift */ = {isa = PBXFileReference; lastKnownFileType = sourcecode.swift; path = ContentView.swift; sourceTree = "<group>"; };
		B207FBFA2B8D31C30019D5AE /* Assets.xcassets */ = {isa = PBXFileReference; lastKnownFileType = folder.assetcatalog; path = Assets.xcassets; sourceTree = "<group>"; };
		B207FBFD2B8D31C30019D5AE /* Preview Assets.xcassets */ = {isa = PBXFileReference; lastKnownFileType = folder.assetcatalog; path = "Preview Assets.xcassets"; sourceTree = "<group>"; };
		B207FC032B8D31C30019D5AE /* UIDesignTests.xctest */ = {isa = PBXFileReference; explicitFileType = wrapper.cfbundle; includeInIndex = 0; path = UIDesignTests.xctest; sourceTree = BUILT_PRODUCTS_DIR; };
		B207FC072B8D31C30019D5AE /* UIDesignTests.swift */ = {isa = PBXFileReference; lastKnownFileType = sourcecode.swift; path = UIDesignTests.swift; sourceTree = "<group>"; };
		B207FC0D2B8D31C30019D5AE /* UIDesignUITests.xctest */ = {isa = PBXFileReference; explicitFileType = wrapper.cfbundle; includeInIndex = 0; path = UIDesignUITests.xctest; sourceTree = BUILT_PRODUCTS_DIR; };
		B207FC112B8D31C30019D5AE /* UIDesignUITests.swift */ = {isa = PBXFileReference; lastKnownFileType = sourcecode.swift; path = UIDesignUITests.swift; sourceTree = "<group>"; };
		B207FC132B8D31C30019D5AE /* UIDesignUITestsLaunchTests.swift */ = {isa = PBXFileReference; lastKnownFileType = sourcecode.swift; path = UIDesignUITestsLaunchTests.swift; sourceTree = "<group>"; };
/* End PBXFileReference section */

/* Begin PBXFrameworksBuildPhase section */
		B207FBF02B8D31C00019D5AE /* Frameworks */ = {
			isa = PBXFrameworksBuildPhase;
			buildActionMask = 2147483647;
			files = (
			);
			runOnlyForDeploymentPostprocessing = 0;
		};
		B207FC002B8D31C30019D5AE /* Frameworks */ = {
			isa = PBXFrameworksBuildPhase;
			buildActionMask = 2147483647;
			files = (
			);
			runOnlyForDeploymentPostprocessing = 0;
		};
		B207FC0A2B8D31C30019D5AE /* Frameworks */ = {
			isa = PBXFrameworksBuildPhase;
			buildActionMask = 2147483647;
			files = (
			);
			runOnlyForDeploymentPostprocessing = 0;
		};
/* End PBXFrameworksBuildPhase section */

/* Begin PBXGroup section */
		B207FBEA2B8D31C00019D5AE = {
			isa = PBXGroup;
			children = (
				B207FBF52B8D31C00019D5AE /* UIDesign */,
				B207FC062B8D31C30019D5AE /* UIDesignTests */,
				B207FC102B8D31C30019D5AE /* UIDesignUITests */,
				B207FBF42B8D31C00019D5AE /* Products */,
			);
			sourceTree = "<group>";
		};
		B207FBF42B8D31C00019D5AE /* Products */ = {
			isa = PBXGroup;
			children = (
				B207FBF32B8D31C00019D5AE /* UIDesign.app */,
				B207FC032B8D31C30019D5AE /* UIDesignTests.xctest */,
				B207FC0D2B8D31C30019D5AE /* UIDesignUITests.xctest */,
			);
			name = Products;
			sourceTree = "<group>";
		};
		B207FBF52B8D31C00019D5AE /* UIDesign */ = {
			isa = PBXGroup;
			children = (
				B207FBF62B8D31C00019D5AE /* UIDesignApp.swift */,
				B207FBF82B8D31C00019D5AE /* ContentView.swift */,
				B207FBFA2B8D31C30019D5AE /* Assets.xcassets */,
				B207FBFC2B8D31C30019D5AE /* Preview Content */,
			);
			path = UIDesign;
			sourceTree = "<group>";
		};
		B207FBFC2B8D31C30019D5AE /* Preview Content */ = {
			isa = PBXGroup;
			children = (
				B207FBFD2B8D31C30019D5AE /* Preview Assets.xcassets */,
			);
			path = "Preview Content";
			sourceTree = "<group>";
		};
		B207FC062B8D31C30019D5AE /* UIDesignTests */ = {
			isa = PBXGroup;
			children = (
				B207FC072B8D31C30019D5AE /* UIDesignTests.swift */,
			);
			path = UIDesignTests;
			sourceTree = "<group>";
		};
		B207FC102B8D31C30019D5AE /* UIDesignUITests */ = {
			isa = PBXGroup;
			children = (
				B207FC112B8D31C30019D5AE /* UIDesignUITests.swift */,
				B207FC132B8D31C30019D5AE /* UIDesignUITestsLaunchTests.swift */,
			);
			path = UIDesignUITests;
			sourceTree = "<group>";
		};
/* End PBXGroup section */

/* Begin PBXNativeTarget section */
		B207FBF22B8D31C00019D5AE /* UIDesign */ = {
			isa = PBXNativeTarget;
			buildConfigurationList = B207FC172B8D31C30019D5AE /* Build configuration list for PBXNativeTarget "UIDesign" */;
			buildPhases = (
				B207FBEF2B8D31C00019D5AE /* Sources */,
				B207FBF02B8D31C00019D5AE /* Frameworks */,
				B207FBF12B8D31C00019D5AE /* Resources */,
			);
			buildRules = (
			);
			dependencies = (
			);
			name = UIDesign;
			productName = UIDesign;
			productReference = B207FBF32B8D31C00019D5AE /* UIDesign.app */;
			productType = "com.apple.product-type.application";
		};
		B207FC022B8D31C30019D5AE /* UIDesignTests */ = {
			isa = PBXNativeTarget;
			buildConfigurationList = B207FC1A2B8D31C30019D5AE /* Build configuration list for PBXNativeTarget "UIDesignTests" */;
			buildPhases = (
				B207FBFF2B8D31C30019D5AE /* Sources */,
				B207FC002B8D31C30019D5AE /* Frameworks */,
				B207FC012B8D31C30019D5AE /* Resources */,
			);
			buildRules = (
			);
			dependencies = (
				B207FC052B8D31C30019D5AE /* PBXTargetDependency */,
			);
			name = UIDesignTests;
			productName = UIDesignTests;
			productReference = B207FC032B8D31C30019D5AE /* UIDesignTests.xctest */;
			productType = "com.apple.product-type.bundle.unit-test";
		};
		B207FC0C2B8D31C30019D5AE /* UIDesignUITests */ = {
			isa = PBXNativeTarget;
			buildConfigurationList = B207FC1D2B8D31C30019D5AE /* Build configuration list for PBXNativeTarget "UIDesignUITests" */;
			buildPhases = (
				B207FC092B8D31C30019D5AE /* Sources */,
				B207FC0A2B8D31C30019D5AE /* Frameworks */,
				B207FC0B2B8D31C30019D5AE /* Resources */,
			);
			buildRules = (
			);
			dependencies = (
				B207FC0F2B8D31C30019D5AE /* PBXTargetDependency */,
			);
			name = UIDesignUITests;
			productName = UIDesignUITests;
			productReference = B207FC0D2B8D31C30019D5AE /* UIDesignUITests.xctest */;
			productType = "com.apple.product-type.bundle.ui-testing";
		};
/* End PBXNativeTarget section */

/* Begin PBXProject section */
		B207FBEB2B8D31C00019D5AE /* Project object */ = {
			isa = PBXProject;
			attributes = {
				BuildIndependentTargetsInParallel = 1;
				LastSwiftUpdateCheck = 1400;
				LastUpgradeCheck = 1400;
				TargetAttributes = {
					B207FBF22B8D31C00019D5AE = {
						CreatedOnToolsVersion = 14.0.1;
					};
					B207FC022B8D31C30019D5AE = {
						CreatedOnToolsVersion = 14.0.1;
						TestTargetID = B207FBF22B8D31C00019D5AE;
					};
					B207FC0C2B8D31C30019D5AE = {
						CreatedOnToolsVersion = 14.0.1;
						TestTargetID = B207FBF22B8D31C00019D5AE;
					};
				};
			};
			buildConfigurationList = B207FBEE2B8D31C00019D5AE /* Build configuration list for PBXProject "UIDesign" */;
			compatibilityVersion = "Xcode 14.0";
			developmentRegion = en;
			hasScannedForEncodings = 0;
			knownRegions = (
				en,
				Base,
			);
			mainGroup = B207FBEA2B8D31C00019D5AE;
			productRefGroup = B207FBF42B8D31C00019D5AE /* Products */;
			projectDirPath = "";
			projectRoot = "";
			targets = (
				B207FBF22B8D31C00019D5AE /* UIDesign */,
				B207FC022B8D31C30019D5AE /* UIDesignTests */,
				B207FC0C2B8D31C30019D5AE /* UIDesignUITests */,
			);
		};
/* End PBXProject section */

/* Begin PBXResourcesBuildPhase section */
		B207FBF12B8D31C00019D5AE /* Resources */ = {
			isa = PBXResourcesBuildPhase;
			buildActionMask = 2147483647;
			files = (
				B207FBFE2B8D31C30019D5AE /* Preview Assets.xcassets in Resources */,
				B207FBFB2B8D31C30019D5AE /* Assets.xcassets in Resources */,
			);
			runOnlyForDeploymentPostprocessing = 0;
		};
		B207FC012B8D31C30019D5AE /* Resources */ = {
			isa = PBXResourcesBuildPhase;
			buildActionMask = 2147483647;
			files = (
			);
			runOnlyForDeploymentPostprocessing = 0;
		};
		B207FC0B2B8D31C30019D5AE /* Resources */ = {
			isa = PBXResourcesBuildPhase;
			buildActionMask = 2147483647;
			files = (
			);
			runOnlyForDeploymentPostprocessing = 0;
		};
/* End PBXResourcesBuildPhase section */

/* Begin PBXSourcesBuildPhase section */
		B207FBEF2B8D31C00019D5AE /* Sources */ = {
			isa = PBXSourcesBuildPhase;
			buildActionMask = 2147483647;
			files = (
				B207FBF92B8D31C00019D5AE /* ContentView.swift in Sources */,
				B207FBF72B8D31C00019D5AE /* UIDesignApp.swift in Sources */,
			);
			runOnlyForDeploymentPostprocessing = 0;
		};
		B207FBFF2B8D31C30019D5AE /* Sources */ = {
			isa = PBXSourcesBuildPhase;
			buildActionMask = 2147483647;
			files = (
				B207FC082B8D31C30019D5AE /* UIDesignTests.swift in Sources */,
			);
			runOnlyForDeploymentPostprocessing = 0;
		};
		B207FC092B8D31C30019D5AE /* Sources */ = {
			isa = PBXSourcesBuildPhase;
			buildActionMask = 2147483647;
			files = (
				B207FC142B8D31C30019D5AE /* UIDesignUITestsLaunchTests.swift in Sources */,
				B207FC122B8D31C30019D5AE /* UIDesignUITests.swift in Sources */,
			);
			runOnlyForDeploymentPostprocessing = 0;
		};
/* End PBXSourcesBuildPhase section */

/* Begin PBXTargetDependency section */
		B207FC052B8D31C30019D5AE /* PBXTargetDependency */ = {
			isa = PBXTargetDependency;
			target = B207FBF22B8D31C00019D5AE /* UIDesign */;
			targetProxy = B207FC042B8D31C30019D5AE /* PBXContainerItemProxy */;
		};
		B207FC0F2B8D31C30019D5AE /* PBXTargetDependency */ = {
			isa = PBXTargetDependency;
			target = B207FBF22B8D31C00019D5AE /* UIDesign */;
			targetProxy = B207FC0E2B8D31C30019D5AE /* PBXContainerItemProxy */;
		};
/* End PBXTargetDependency section */

/* Begin XCBuildConfiguration section */
		B207FC152B8D31C30019D5AE /* Debug */ = {
			isa = XCBuildConfiguration;
			buildSettings = {
				ALWAYS_SEARCH_USER_PATHS = NO;
				CLANG_ANALYZER_NONNULL = YES;
				CLANG_ANALYZER_NUMBER_OBJECT_CONVERSION = YES_AGGRESSIVE;
				CLANG_CXX_LANGUAGE_STANDARD = "gnu++20";
				CLANG_ENABLE_MODULES = YES;
				CLANG_ENABLE_OBJC_ARC = YES;
				CLANG_ENABLE_OBJC_WEAK = YES;
				CLANG_WARN_BLOCK_CAPTURE_AUTORELEASING = YES;
				CLANG_WARN_BOOL_CONVERSION = YES;
				CLANG_WARN_COMMA = YES;
				CLANG_WARN_CONSTANT_CONVERSION = YES;
				CLANG_WARN_DEPRECATED_OBJC_IMPLEMENTATIONS = YES;
				CLANG_WARN_DIRECT_OBJC_ISA_USAGE = YES_ERROR;
				CLANG_WARN_DOCUMENTATION_COMMENTS = YES;
				CLANG_WARN_EMPTY_BODY = YES;
				CLANG_WARN_ENUM_CONVERSION = YES;
				CLANG_WARN_INFINITE_RECURSION = YES;
				CLANG_WARN_INT_CONVERSION = YES;
				CLANG_WARN_NON_LITERAL_NULL_CONVERSION = YES;
				CLANG_WARN_OBJC_IMPLICIT_RETAIN_SELF = YES;
				CLANG_WARN_OBJC_LITERAL_CONVERSION = YES;
				CLANG_WARN_OBJC_ROOT_CLASS = YES_ERROR;
				CLANG_WARN_QUOTED_INCLUDE_IN_FRAMEWORK_HEADER = YES;
				CLANG_WARN_RANGE_LOOP_ANALYSIS = YES;
				CLANG_WARN_STRICT_PROTOTYPES = YES;
				CLANG_WARN_SUSPICIOUS_MOVE = YES;
				CLANG_WARN_UNGUARDED_AVAILABILITY = YES_AGGRESSIVE;
				CLANG_WARN_UNREACHABLE_CODE = YES;
				CLANG_WARN__DUPLICATE_METHOD_MATCH = YES;
				COPY_PHASE_STRIP = NO;
				DEBUG_INFORMATION_FORMAT = dwarf;
				ENABLE_STRICT_OBJC_MSGSEND = YES;
				ENABLE_TESTABILITY = YES;
				GCC_C_LANGUAGE_STANDARD = gnu11;
				GCC_DYNAMIC_NO_PIC = NO;
				GCC_NO_COMMON_BLOCKS = YES;
				GCC_OPTIMIZATION_LEVEL = 0;
				GCC_PREPROCESSOR_DEFINITIONS = (
					"DEBUG=1",
					"$(inherited)",
				);
				GCC_WARN_64_TO_32_BIT_CONVERSION = YES;
				GCC_WARN_ABOUT_RETURN_TYPE = YES_ERROR;
				GCC_WARN_UNDECLARED_SELECTOR = YES;
				GCC_WARN_UNINITIALIZED_AUTOS = YES_AGGRESSIVE;
				GCC_WARN_UNUSED_FUNCTION = YES;
				GCC_WARN_UNUSED_VARIABLE = YES;
				IPHONEOS_DEPLOYMENT_TARGET = 16.0;
				MTL_ENABLE_DEBUG_INFO = INCLUDE_SOURCE;
				MTL_FAST_MATH = YES;
				ONLY_ACTIVE_ARCH = YES;
				SDKROOT = iphoneos;
				SWIFT_ACTIVE_COMPILATION_CONDITIONS = DEBUG;
				SWIFT_OPTIMIZATION_LEVEL = "-Onone";
			};
			name = Debug;
		};
		B207FC162B8D31C30019D5AE /* Release */ = {
			isa = XCBuildConfiguration;
			buildSettings = {
				ALWAYS_SEARCH_USER_PATHS = NO;
				CLANG_ANALYZER_NONNULL = YES;
				CLANG_ANALYZER_NUMBER_OBJECT_CONVERSION = YES_AGGRESSIVE;
				CLANG_CXX_LANGUAGE_STANDARD = "gnu++20";
				CLANG_ENABLE_MODULES = YES;
				CLANG_ENABLE_OBJC_ARC = YES;
				CLANG_ENABLE_OBJC_WEAK = YES;
				CLANG_WARN_BLOCK_CAPTURE_AUTORELEASING = YES;
				CLANG_WARN_BOOL_CONVERSION = YES;
				CLANG_WARN_COMMA = YES;
				CLANG_WARN_CONSTANT_CONVERSION = YES;
				CLANG_WARN_DEPRECATED_OBJC_IMPLEMENTATIONS = YES;
				CLANG_WARN_DIRECT_OBJC_ISA_USAGE = YES_ERROR;
				CLANG_WARN_DOCUMENTATION_COMMENTS = YES;
				CLANG_WARN_EMPTY_BODY = YES;
				CLANG_WARN_ENUM_CONVERSION = YES;
				CLANG_WARN_INFINITE_RECURSION = YES;
				CLANG_WARN_INT_CONVERSION = YES;
				CLANG_WARN_NON_LITERAL_NULL_CONVERSION = YES;
				CLANG_WARN_OBJC_IMPLICIT_RETAIN_SELF = YES;
				CLANG_WARN_OBJC_LITERAL_CONVERSION = YES;
				CLANG_WARN_OBJC_ROOT_CLASS = YES_ERROR;
				CLANG_WARN_QUOTED_INCLUDE_IN_FRAMEWORK_HEADER = YES;
				CLANG_WARN_RANGE_LOOP_ANALYSIS = YES;
				CLANG_WARN_STRICT_PROTOTYPES = YES;
				CLANG_WARN_SUSPICIOUS_MOVE = YES;
				CLANG_WARN_UNGUARDED_AVAILABILITY = YES_AGGRESSIVE;
				CLANG_WARN_UNREACHABLE_CODE = YES;
				CLANG_WARN__DUPLICATE_METHOD_MATCH = YES;
				COPY_PHASE_STRIP = NO;
				DEBUG_INFORMATION_FORMAT = "dwarf-with-dsym";
				ENABLE_NS_ASSERTIONS = NO;
				ENABLE_STRICT_OBJC_MSGSEND = YES;
				GCC_C_LANGUAGE_STANDARD = gnu11;
				GCC_NO_COMMON_BLOCKS = YES;
				GCC_WARN_64_TO_32_BIT_CONVERSION = YES;
				GCC_WARN_ABOUT_RETURN_TYPE = YES_ERROR;
				GCC_WARN_UNDECLARED_SELECTOR = YES;
				GCC_WARN_UNINITIALIZED_AUTOS = YES_AGGRESSIVE;
				GCC_WARN_UNUSED_FUNCTION = YES;
				GCC_WARN_UNUSED_VARIABLE = YES;
				IPHONEOS_DEPLOYMENT_TARGET = 16.0;
				MTL_ENABLE_DEBUG_INFO = NO;
				MTL_FAST_MATH = YES;
				SDKROOT = iphoneos;
				SWIFT_COMPILATION_MODE = wholemodule;
				SWIFT_OPTIMIZATION_LEVEL = "-O";
				VALIDATE_PRODUCT = YES;
			};
			name = Release;
		};
		B207FC182B8D31C30019D5AE /* Debug */ = {
			isa = XCBuildConfiguration;
			buildSettings = {
				ASSETCATALOG_COMPILER_APPICON_NAME = AppIcon;
				ASSETCATALOG_COMPILER_GLOBAL_ACCENT_COLOR_NAME = AccentColor;
				CODE_SIGN_STYLE = Automatic;
				CURRENT_PROJECT_VERSION = 1;
				DEVELOPMENT_ASSET_PATHS = "\"UIDesign/Preview Content\"";
				ENABLE_PREVIEWS = YES;
				GENERATE_INFOPLIST_FILE = YES;
				INFOPLIST_KEY_UIApplicationSceneManifest_Generation = YES;
				INFOPLIST_KEY_UIApplicationSupportsIndirectInputEvents = YES;
				INFOPLIST_KEY_UILaunchScreen_Generation = YES;
				INFOPLIST_KEY_UISupportedInterfaceOrientations_iPad = "UIInterfaceOrientationPortrait UIInterfaceOrientationPortraitUpsideDown UIInterfaceOrientationLandscapeLeft UIInterfaceOrientationLandscapeRight";
				INFOPLIST_KEY_UISupportedInterfaceOrientations_iPhone = "UIInterfaceOrientationPortrait UIInterfaceOrientationLandscapeLeft UIInterfaceOrientationLandscapeRight";
				LD_RUNPATH_SEARCH_PATHS = (
					"$(inherited)",
					"@executable_path/Frameworks",
				);
				MARKETING_VERSION = 1.0;
				PRODUCT_BUNDLE_IDENTIFIER = ep101249541.UIDesign;
				PRODUCT_NAME = "$(TARGET_NAME)";
				SWIFT_EMIT_LOC_STRINGS = YES;
				SWIFT_VERSION = 5.0;
				TARGETED_DEVICE_FAMILY = "1,2";
			};
			name = Debug;
		};
		B207FC192B8D31C30019D5AE /* Release */ = {
			isa = XCBuildConfiguration;
			buildSettings = {
				ASSETCATALOG_COMPILER_APPICON_NAME = AppIcon;
				ASSETCATALOG_COMPILER_GLOBAL_ACCENT_COLOR_NAME = AccentColor;
				CODE_SIGN_STYLE = Automatic;
				CURRENT_PROJECT_VERSION = 1;
				DEVELOPMENT_ASSET_PATHS = "\"UIDesign/Preview Content\"";
				ENABLE_PREVIEWS = YES;
				GENERATE_INFOPLIST_FILE = YES;
				INFOPLIST_KEY_UIApplicationSceneManifest_Generation = YES;
				INFOPLIST_KEY_UIApplicationSupportsIndirectInputEvents = YES;
				INFOPLIST_KEY_UILaunchScreen_Generation = YES;
				INFOPLIST_KEY_UISupportedInterfaceOrientations_iPad = "UIInterfaceOrientationPortrait UIInterfaceOrientationPortraitUpsideDown UIInterfaceOrientationLandscapeLeft UIInterfaceOrientationLandscapeRight";
				INFOPLIST_KEY_UISupportedInterfaceOrientations_iPhone = "UIInterfaceOrientationPortrait UIInterfaceOrientationLandscapeLeft UIInterfaceOrientationLandscapeRight";
				LD_RUNPATH_SEARCH_PATHS = (
					"$(inherited)",
					"@executable_path/Frameworks",
				);
				MARKETING_VERSION = 1.0;
				PRODUCT_BUNDLE_IDENTIFIER = ep101249541.UIDesign;
				PRODUCT_NAME = "$(TARGET_NAME)";
				SWIFT_EMIT_LOC_STRINGS = YES;
				SWIFT_VERSION = 5.0;
				TARGETED_DEVICE_FAMILY = "1,2";
			};
			name = Release;
		};
		B207FC1B2B8D31C30019D5AE /* Debug */ = {
			isa = XCBuildConfiguration;
			buildSettings = {
				ALWAYS_EMBED_SWIFT_STANDARD_LIBRARIES = YES;
				BUNDLE_LOADER = "$(TEST_HOST)";
				CODE_SIGN_STYLE = Automatic;
				CURRENT_PROJECT_VERSION = 1;
				GENERATE_INFOPLIST_FILE = YES;
				IPHONEOS_DEPLOYMENT_TARGET = 16.0;
				MARKETING_VERSION = 1.0;
				PRODUCT_BUNDLE_IDENTIFIER = ep101249541.UIDesignTests;
				PRODUCT_NAME = "$(TARGET_NAME)";
				SWIFT_EMIT_LOC_STRINGS = NO;
				SWIFT_VERSION = 5.0;
				TARGETED_DEVICE_FAMILY = "1,2";
				TEST_HOST = "$(BUILT_PRODUCTS_DIR)/UIDesign.app/$(BUNDLE_EXECUTABLE_FOLDER_PATH)/UIDesign";
			};
			name = Debug;
		};
		B207FC1C2B8D31C30019D5AE /* Release */ = {
			isa = XCBuildConfiguration;
			buildSettings = {
				ALWAYS_EMBED_SWIFT_STANDARD_LIBRARIES = YES;
				BUNDLE_LOADER = "$(TEST_HOST)";
				CODE_SIGN_STYLE = Automatic;
				CURRENT_PROJECT_VERSION = 1;
				GENERATE_INFOPLIST_FILE = YES;
				IPHONEOS_DEPLOYMENT_TARGET = 16.0;
				MARKETING_VERSION = 1.0;
				PRODUCT_BUNDLE_IDENTIFIER = ep101249541.UIDesignTests;
				PRODUCT_NAME = "$(TARGET_NAME)";
				SWIFT_EMIT_LOC_STRINGS = NO;
				SWIFT_VERSION = 5.0;
				TARGETED_DEVICE_FAMILY = "1,2";
				TEST_HOST = "$(BUILT_PRODUCTS_DIR)/UIDesign.app/$(BUNDLE_EXECUTABLE_FOLDER_PATH)/UIDesign";
			};
			name = Release;
		};
		B207FC1E2B8D31C30019D5AE /* Debug */ = {
			isa = XCBuildConfiguration;
			buildSettings = {
				ALWAYS_EMBED_SWIFT_STANDARD_LIBRARIES = YES;
				CODE_SIGN_STYLE = Automatic;
				CURRENT_PROJECT_VERSION = 1;
				GENERATE_INFOPLIST_FILE = YES;
				MARKETING_VERSION = 1.0;
				PRODUCT_BUNDLE_IDENTIFIER = ep101249541.UIDesignUITests;
				PRODUCT_NAME = "$(TARGET_NAME)";
				SWIFT_EMIT_LOC_STRINGS = NO;
				SWIFT_VERSION = 5.0;
				TARGETED_DEVICE_FAMILY = "1,2";
				TEST_TARGET_NAME = UIDesign;
			};
			name = Debug;
		};
		B207FC1F2B8D31C30019D5AE /* Release */ = {
			isa = XCBuildConfiguration;
			buildSettings = {
				ALWAYS_EMBED_SWIFT_STANDARD_LIBRARIES = YES;
				CODE_SIGN_STYLE = Automatic;
				CURRENT_PROJECT_VERSION = 1;
				GENERATE_INFOPLIST_FILE = YES;
				MARKETING_VERSION = 1.0;
				PRODUCT_BUNDLE_IDENTIFIER = ep101249541.UIDesignUITests;
				PRODUCT_NAME = "$(TARGET_NAME)";
				SWIFT_EMIT_LOC_STRINGS = NO;
				SWIFT_VERSION = 5.0;
				TARGETED_DEVICE_FAMILY = "1,2";
				TEST_TARGET_NAME = UIDesign;
			};
			name = Release;
		};
/* End XCBuildConfiguration section */

/* Begin XCConfigurationList section */
		B207FBEE2B8D31C00019D5AE /* Build configuration list for PBXProject "UIDesign" */ = {
			isa = XCConfigurationList;
			buildConfigurations = (
				B207FC152B8D31C30019D5AE /* Debug */,
				B207FC162B8D31C30019D5AE /* Release */,
			);
			defaultConfigurationIsVisible = 0;
			defaultConfigurationName = Release;
		};
		B207FC172B8D31C30019D5AE /* Build configuration list for PBXNativeTarget "UIDesign" */ = {
			isa = XCConfigurationList;
			buildConfigurations = (
				B207FC182B8D31C30019D5AE /* Debug */,
				B207FC192B8D31C30019D5AE /* Release */,
			);
			defaultConfigurationIsVisible = 0;
			defaultConfigurationName = Release;
		};
		B207FC1A2B8D31C30019D5AE /* Build configuration list for PBXNativeTarget "UIDesignTests" */ = {
			isa = XCConfigurationList;
			buildConfigurations = (
				B207FC1B2B8D31C30019D5AE /* Debug */,
				B207FC1C2B8D31C30019D5AE /* Release */,
			);
			defaultConfigurationIsVisible = 0;
			defaultConfigurationName = Release;
		};
		B207FC1D2B8D31C30019D5AE /* Build configuration list for PBXNativeTarget "UIDesignUITests" */ = {
			isa = XCConfigurationList;
			buildConfigurations = (
				B207FC1E2B8D31C30019D5AE /* Debug */,
				B207FC1F2B8D31C30019D5AE /* Release */,
			);
			defaultConfigurationIsVisible = 0;
			defaultConfigurationName = Release;
		};
/* End XCConfigurationList section */
	};
	rootObject = B207FBEB2B8D31C00019D5AE /* Project object */;
}
